
Microsoft Visual Studio Solution File, Format Version 12.00
# Visual Studio Version 16
VisualStudioVersion = 25.0.1700.0
MinimumVisualStudioVersion = 10.0.40219.1
Project("{FAE04EC0-301F-11D3-BF4B-00C04F79EFBC}") = "Test_Week6", "Test_Week6\Test_Week6.csproj", "{B002EB26-6318-4544-9C99-F5EA524D5867}"
EndProject
Global
	GlobalSection(SolutionConfigurationPlatforms) = preSolution
		Debug|Any CPU = Debug|Any CPU
		Release|Any CPU = Release|Any CPU
	EndGlobalSection
	GlobalSection(ProjectConfigurationPlatforms) = postSolution
		{B002EB26-6318-4544-9C99-F5EA524D5867}.Debug|Any CPU.ActiveCfg = Debug|Any CPU
		{B002EB26-6318-4544-9C99-F5EA524D5867}.Debug|Any CPU.Build.0 = Debug|Any CPU
		{B002EB26-6318-4544-9C99-F5EA524D5867}.Release|Any CPU.ActiveCfg = Release|Any CPU
		{B002EB26-6318-4544-9C99-F5EA524D5867}.Release|Any CPU.Build.0 = Release|Any CPU
	EndGlobalSection
	GlobalSection(SolutionProperties) = preSolution
		HideSolutionNode = FALSE
	EndGlobalSection
	GlobalSection(ExtensibilityGlobals) = postSolution
		SolutionGuid = {5E8A7DAC-2BCF-4DB7-999D-68A85020BEAC}
	EndGlobalSection
EndGlobal
